
Microsoft Visual Studio Solution File, Format Version 12.00
# Visual Studio Version 17
VisualStudioVersion = 17.13.35825.156
MinimumVisualStudioVersion = 10.0.40219.1
Project("{FAE04EC0-301F-11D3-BF4B-00C04F79EFBC}") = "Evolution.Core", "Evolution.Core\Evolution.Core.csproj", "{5932FCDE-B99D-4D95-BE40-8DAEE7A22EF1}"
EndProject
Project("{FAE04EC0-301F-11D3-BF4B-00C04F79EFBC}") = "Evolution.UI.WPF", "Evolution.UI.WPF\Evolution.UI.WPF.csproj", "{3F37E9BF-1E71-4CE0-91FF-4071739E0AEB}"
EndProject
Global
	GlobalSection(SolutionConfigurationPlatforms) = preSolution
		Debug|Any CPU = Debug|Any CPU
		Release|Any CPU = Release|Any CPU
	EndGlobalSection
	GlobalSection(ProjectConfigurationPlatforms) = postSolution
		{5932FCDE-B99D-4D95-BE40-8DAEE7A22EF1}.Debug|Any CPU.ActiveCfg = Debug|Any CPU
		{5932FCDE-B99D-4D95-BE40-8DAEE7A22EF1}.Debug|Any CPU.Build.0 = Debug|Any CPU
		{5932FCDE-B99D-4D95-BE40-8DAEE7A22EF1}.Release|Any CPU.ActiveCfg = Release|Any CPU
		{5932FCDE-B99D-4D95-BE40-8DAEE7A22EF1}.Release|Any CPU.Build.0 = Release|Any CPU
		{3F37E9BF-1E71-4CE0-91FF-4071739E0AEB}.Debug|Any CPU.ActiveCfg = Debug|Any CPU
		{3F37E9BF-1E71-4CE0-91FF-4071739E0AEB}.Debug|Any CPU.Build.0 = Debug|Any CPU
		{3F37E9BF-1E71-4CE0-91FF-4071739E0AEB}.Release|Any CPU.ActiveCfg = Release|Any CPU
		{3F37E9BF-1E71-4CE0-91FF-4071739E0AEB}.Release|Any CPU.Build.0 = Release|Any CPU
	EndGlobalSection
	GlobalSection(SolutionProperties) = preSolution
		HideSolutionNode = FALSE
	EndGlobalSection
	GlobalSection(ExtensibilityGlobals) = postSolution
		SolutionGuid = {1EF0ACB6-E76E-48A8-BBFD-48B504DBC2D4}
	EndGlobalSection
EndGlobal
